
Microsoft Visual Studio Solution File, Format Version 11.00
# Visual Studio 2010
Project("{FAE04EC0-301F-11D3-BF4B-00C04F79EFBC}") = "Assembly-CSharp", "Assembly-CSharp.csproj", "{3dd4aa75-33ba-aff5-61f5-435bf12762f6}"
EndProject
Project("{FAE04EC0-301F-11D3-BF4B-00C04F79EFBC}") = "Assembly-CSharp-Editor", "Assembly-CSharp-Editor.csproj", "{1d85a5a6-cf2d-a062-94e7-817c93d53e7e}"
EndProject
Global
	GlobalSection(SolutionConfigurationPlatforms) = preSolution
		Debug|Any CPU = Debug|Any CPU
	EndGlobalSection
	GlobalSection(ProjectConfigurationPlatforms) = postSolution
		{3dd4aa75-33ba-aff5-61f5-435bf12762f6}.Debug|Any CPU.ActiveCfg = Debug|Any CPU
		{3dd4aa75-33ba-aff5-61f5-435bf12762f6}.Debug|Any CPU.Build.0 = Debug|Any CPU
		{1d85a5a6-cf2d-a062-94e7-817c93d53e7e}.Debug|Any CPU.ActiveCfg = Debug|Any CPU
		{1d85a5a6-cf2d-a062-94e7-817c93d53e7e}.Debug|Any CPU.Build.0 = Debug|Any CPU
	EndGlobalSection
	GlobalSection(SolutionProperties) = preSolution
		HideSolutionNode = FALSE
	EndGlobalSection
EndGlobal
